// !$*UTF8*$!
{
	archiveVersion = 1;
	classes = {
	};
	objectVersion = 56;
	objects = {

/* Begin PBXBuildFile section */
		BB44C02F2AC0EC2B007EBFE4 /* SignViewController.swift in Sources */ = {isa = PBXBuildFile; fileRef = BB44C02E2AC0EC2B007EBFE4 /* SignViewController.swift */; };
		BB44C0312AC10266007EBFE4 /* ViewController.swift in Sources */ = {isa = PBXBuildFile; fileRef = BB44C0302AC10266007EBFE4 /* ViewController.swift */; };
		BB44C0342AC104DC007EBFE4 /* UploadViewController.swift in Sources */ = {isa = PBXBuildFile; fileRef = BB44C0332AC104DC007EBFE4 /* UploadViewController.swift */; };
		BB44C0362AC105C9007EBFE4 /* UploadMapViewController.swift in Sources */ = {isa = PBXBuildFile; fileRef = BB44C0352AC105C9007EBFE4 /* UploadMapViewController.swift */; };
		BB44C0382AC2EA91007EBFE4 /* Place.swift in Sources */ = {isa = PBXBuildFile; fileRef = BB44C0372AC2EA91007EBFE4 /* Place.swift */; };
		BB8F7BE42AC0E5CD007F7CE5 /* AppDelegate.swift in Sources */ = {isa = PBXBuildFile; fileRef = BB8F7BE32AC0E5CD007F7CE5 /* AppDelegate.swift */; };
		BB8F7BE62AC0E5CD007F7CE5 /* SceneDelegate.swift in Sources */ = {isa = PBXBuildFile; fileRef = BB8F7BE52AC0E5CD007F7CE5 /* SceneDelegate.swift */; };
		BB8F7BEB2AC0E5CD007F7CE5 /* Main.storyboard in Resources */ = {isa = PBXBuildFile; fileRef = BB8F7BE92AC0E5CD007F7CE5 /* Main.storyboard */; };
		BB8F7BED2AC0E5CE007F7CE5 /* Assets.xcassets in Resources */ = {isa = PBXBuildFile; fileRef = BB8F7BEC2AC0E5CE007F7CE5 /* Assets.xcassets */; };
		BB8F7BF02AC0E5CE007F7CE5 /* LaunchScreen.storyboard in Resources */ = {isa = PBXBuildFile; fileRef = BB8F7BEE2AC0E5CE007F7CE5 /* LaunchScreen.storyboard */; };
		BB8F7BF92AC0E655007F7CE5 /* ParseObjC in Frameworks */ = {isa = PBXBuildFile; productRef = BB8F7BF82AC0E655007F7CE5 /* ParseObjC */; };
		BB8F7BFB2AC0E8EA007F7CE5 /* MapViewController.swift in Sources */ = {isa = PBXBuildFile; fileRef = BB8F7BFA2AC0E8EA007F7CE5 /* MapViewController.swift */; };
/* End PBXBuildFile section */

/* Begin PBXFileReference section */
		BB44C02E2AC0EC2B007EBFE4 /* SignViewController.swift */ = {isa = PBXFileReference; lastKnownFileType = sourcecode.swift; path = SignViewController.swift; sourceTree = "<group>"; };
		BB44C0302AC10266007EBFE4 /* ViewController.swift */ = {isa = PBXFileReference; lastKnownFileType = sourcecode.swift; path = ViewController.swift; sourceTree = "<group>"; };
		BB44C0332AC104DC007EBFE4 /* UploadViewController.swift */ = {isa = PBXFileReference; lastKnownFileType = sourcecode.swift; path = UploadViewController.swift; sourceTree = "<group>"; };
		BB44C0352AC105C9007EBFE4 /* UploadMapViewController.swift */ = {isa = PBXFileReference; lastKnownFileType = sourcecode.swift; path = UploadMapViewController.swift; sourceTree = "<group>"; };
		BB44C0372AC2EA91007EBFE4 /* Place.swift */ = {isa = PBXFileReference; lastKnownFileType = sourcecode.swift; path = Place.swift; sourceTree = "<group>"; };
		BB8F7BE02AC0E5CD007F7CE5 /* MyFavLocation.app */ = {isa = PBXFileReference; explicitFileType = wrapper.application; includeInIndex = 0; path = MyFavLocation.app; sourceTree = BUILT_PRODUCTS_DIR; };
		BB8F7BE32AC0E5CD007F7CE5 /* AppDelegate.swift */ = {isa = PBXFileReference; lastKnownFileType = sourcecode.swift; path = AppDelegate.swift; sourceTree = "<group>"; };
		BB8F7BE52AC0E5CD007F7CE5 /* SceneDelegate.swift */ = {isa = PBXFileReference; lastKnownFileType = sourcecode.swift; path = SceneDelegate.swift; sourceTree = "<group>"; };
		BB8F7BEA2AC0E5CD007F7CE5 /* Base */ = {isa = PBXFileReference; lastKnownFileType = file.storyboard; name = Base; path = Base.lproj/Main.storyboard; sourceTree = "<group>"; };
		BB8F7BEC2AC0E5CE007F7CE5 /* Assets.xcassets */ = {isa = PBXFileReference; lastKnownFileType = folder.assetcatalog; path = Assets.xcassets; sourceTree = "<group>"; };
		BB8F7BEF2AC0E5CE007F7CE5 /* Base */ = {isa = PBXFileReference; lastKnownFileType = file.storyboard; name = Base; path = Base.lproj/LaunchScreen.storyboard; sourceTree = "<group>"; };
		BB8F7BF12AC0E5CE007F7CE5 /* Info.plist */ = {isa = PBXFileReference; lastKnownFileType = text.plist.xml; path = Info.plist; sourceTree = "<group>"; };
		BB8F7BFA2AC0E8EA007F7CE5 /* MapViewController.swift */ = {isa = PBXFileReference; lastKnownFileType = sourcecode.swift; path = MapViewController.swift; sourceTree = "<group>"; };
/* End PBXFileReference section */

/* Begin PBXFrameworksBuildPhase section */
		BB8F7BDD2AC0E5CD007F7CE5 /* Frameworks */ = {
			isa = PBXFrameworksBuildPhase;
			buildActionMask = 2147483647;
			files = (
				BB8F7BF92AC0E655007F7CE5 /* ParseObjC in Frameworks */,
			);
			runOnlyForDeploymentPostprocessing = 0;
		};
/* End PBXFrameworksBuildPhase section */

/* Begin PBXGroup section */
		BB8F7BD72AC0E5CC007F7CE5 = {
			isa = PBXGroup;
			children = (
				BB8F7BE22AC0E5CD007F7CE5 /* MyFavLocation */,
				BB8F7BE12AC0E5CD007F7CE5 /* Products */,
			);
			sourceTree = "<group>";
		};
		BB8F7BE12AC0E5CD007F7CE5 /* Products */ = {
			isa = PBXGroup;
			children = (
				BB8F7BE02AC0E5CD007F7CE5 /* MyFavLocation.app */,
			);
			name = Products;
			sourceTree = "<group>";
		};
		BB8F7BE22AC0E5CD007F7CE5 /* MyFavLocation */ = {
			isa = PBXGroup;
			children = (
				BB8F7BE32AC0E5CD007F7CE5 /* AppDelegate.swift */,
				BB8F7BE52AC0E5CD007F7CE5 /* SceneDelegate.swift */,
				BB44C0372AC2EA91007EBFE4 /* Place.swift */,
				BB44C02E2AC0EC2B007EBFE4 /* SignViewController.swift */,
				BB44C0302AC10266007EBFE4 /* ViewController.swift */,
				BB8F7BFA2AC0E8EA007F7CE5 /* MapViewController.swift */,
				BB44C0332AC104DC007EBFE4 /* UploadViewController.swift */,
				BB44C0352AC105C9007EBFE4 /* UploadMapViewController.swift */,
				BB8F7BE92AC0E5CD007F7CE5 /* Main.storyboard */,
				BB8F7BEC2AC0E5CE007F7CE5 /* Assets.xcassets */,
				BB8F7BEE2AC0E5CE007F7CE5 /* LaunchScreen.storyboard */,
				BB8F7BF12AC0E5CE007F7CE5 /* Info.plist */,
			);
			path = MyFavLocation;
			sourceTree = "<group>";
		};
/* End PBXGroup section */

/* Begin PBXNativeTarget section */
		BB8F7BDF2AC0E5CD007F7CE5 /* MyFavLocation */ = {
			isa = PBXNativeTarget;
			buildConfigurationList = BB8F7BF42AC0E5CE007F7CE5 /* Build configuration list for PBXNativeTarget "MyFavLocation" */;
			buildPhases = (
				BB8F7BDC2AC0E5CD007F7CE5 /* Sources */,
				BB8F7BDD2AC0E5CD007F7CE5 /* Frameworks */,
				BB8F7BDE2AC0E5CD007F7CE5 /* Resources */,
			);
			buildRules = (
			);
			dependencies = (
			);
			name = MyFavLocation;
			packageProductDependencies = (
				BB8F7BF82AC0E655007F7CE5 /* ParseObjC */,
			);
			productName = MyFavLocation;
			productReference = BB8F7BE02AC0E5CD007F7CE5 /* MyFavLocation.app */;
			productType = "com.apple.product-type.application";
		};
/* End PBXNativeTarget section */

/* Begin PBXProject section */
		BB8F7BD82AC0E5CC007F7CE5 /* Project object */ = {
			isa = PBXProject;
			attributes = {
				BuildIndependentTargetsInParallel = 1;
				LastSwiftUpdateCheck = 1500;
				LastUpgradeCheck = 1500;
				TargetAttributes = {
					BB8F7BDF2AC0E5CD007F7CE5 = {
						CreatedOnToolsVersion = 15.0;
					};
				};
			};
			buildConfigurationList = BB8F7BDB2AC0E5CD007F7CE5 /* Build configuration list for PBXProject "MyFavLocation" */;
			compatibilityVersion = "Xcode 14.0";
			developmentRegion = en;
			hasScannedForEncodings = 0;
			knownRegions = (
				en,
				Base,
			);
			mainGroup = BB8F7BD72AC0E5CC007F7CE5;
			packageReferences = (
				BB8F7BF72AC0E655007F7CE5 /* XCRemoteSwiftPackageReference "Parse-SDK-iOS-OSX" */,
			);
			productRefGroup = BB8F7BE12AC0E5CD007F7CE5 /* Products */;
			projectDirPath = "";
			projectRoot = "";
			targets = (
				BB8F7BDF2AC0E5CD007F7CE5 /* MyFavLocation */,
			);
		};
/* End PBXProject section */

/* Begin PBXResourcesBuildPhase section */
		BB8F7BDE2AC0E5CD007F7CE5 /* Resources */ = {
			isa = PBXResourcesBuildPhase;
			buildActionMask = 2147483647;
			files = (
				BB8F7BF02AC0E5CE007F7CE5 /* LaunchScreen.storyboard in Resources */,
				BB8F7BED2AC0E5CE007F7CE5 /* Assets.xcassets in Resources */,
				BB8F7BEB2AC0E5CD007F7CE5 /* Main.storyboard in Resources */,
			);
			runOnlyForDeploymentPostprocessing = 0;
		};
/* End PBXResourcesBuildPhase section */

/* Begin PBXSourcesBuildPhase section */
		BB8F7BDC2AC0E5CD007F7CE5 /* Sources */ = {
			isa = PBXSourcesBuildPhase;
			buildActionMask = 2147483647;
			files = (
				BB44C0362AC105C9007EBFE4 /* UploadMapViewController.swift in Sources */,
				BB44C0312AC10266007EBFE4 /* ViewController.swift in Sources */,
				BB44C0342AC104DC007EBFE4 /* UploadViewController.swift in Sources */,
				BB44C0382AC2EA91007EBFE4 /* Place.swift in Sources */,
				BB8F7BE42AC0E5CD007F7CE5 /* AppDelegate.swift in Sources */,
				BB44C02F2AC0EC2B007EBFE4 /* SignViewController.swift in Sources */,
				BB8F7BE62AC0E5CD007F7CE5 /* SceneDelegate.swift in Sources */,
				BB8F7BFB2AC0E8EA007F7CE5 /* MapViewController.swift in Sources */,
			);
			runOnlyForDeploymentPostprocessing = 0;
		};
/* End PBXSourcesBuildPhase section */

/* Begin PBXVariantGroup section */
		BB8F7BE92AC0E5CD007F7CE5 /* Main.storyboard */ = {
			isa = PBXVariantGroup;
			children = (
				BB8F7BEA2AC0E5CD007F7CE5 /* Base */,
			);
			name = Main.storyboard;
			sourceTree = "<group>";
		};
		BB8F7BEE2AC0E5CE007F7CE5 /* LaunchScreen.storyboard */ = {
			isa = PBXVariantGroup;
			children = (
				BB8F7BEF2AC0E5CE007F7CE5 /* Base */,
			);
			name = LaunchScreen.storyboard;
			sourceTree = "<group>";
		};
/* End PBXVariantGroup section */

/* Begin XCBuildConfiguration section */
		BB8F7BF22AC0E5CE007F7CE5 /* Debug */ = {
			isa = XCBuildConfiguration;
			buildSettings = {
				ALWAYS_SEARCH_USER_PATHS = NO;
				ASSETCATALOG_COMPILER_GENERATE_SWIFT_ASSET_SYMBOL_EXTENSIONS = YES;
				CLANG_ANALYZER_NONNULL = YES;
				CLANG_ANALYZER_NUMBER_OBJECT_CONVERSION = YES_AGGRESSIVE;
				CLANG_CXX_LANGUAGE_STANDARD = "gnu++20";
				CLANG_ENABLE_MODULES = YES;
				CLANG_ENABLE_OBJC_ARC = YES;
				CLANG_ENABLE_OBJC_WEAK = YES;
				CLANG_WARN_BLOCK_CAPTURE_AUTORELEASING = YES;
				CLANG_WARN_BOOL_CONVERSION = YES;
				CLANG_WARN_COMMA = YES;
				CLANG_WARN_CONSTANT_CONVERSION = YES;
				CLANG_WARN_DEPRECATED_OBJC_IMPLEMENTATIONS = YES;
				CLANG_WARN_DIRECT_OBJC_ISA_USAGE = YES_ERROR;
				CLANG_WARN_DOCUMENTATION_COMMENTS = YES;
				CLANG_WARN_EMPTY_BODY = YES;
				CLANG_WARN_ENUM_CONVERSION = YES;
				CLANG_WARN_INFINITE_RECURSION = YES;
				CLANG_WARN_INT_CONVERSION = YES;
				CLANG_WARN_NON_LITERAL_NULL_CONVERSION = YES;
				CLANG_WARN_OBJC_IMPLICIT_RETAIN_SELF = YES;
				CLANG_WARN_OBJC_LITERAL_CONVERSION = YES;
				CLANG_WARN_OBJC_ROOT_CLASS = YES_ERROR;
				CLANG_WARN_QUOTED_INCLUDE_IN_FRAMEWORK_HEADER = YES;
				CLANG_WARN_RANGE_LOOP_ANALYSIS = YES;
				CLANG_WARN_STRICT_PROTOTYPES = YES;
				CLANG_WARN_SUSPICIOUS_MOVE = YES;
				CLANG_WARN_UNGUARDED_AVAILABILITY = YES_AGGRESSIVE;
				CLANG_WARN_UNREACHABLE_CODE = YES;
				CLANG_WARN__DUPLICATE_METHOD_MATCH = YES;
				COPY_PHASE_STRIP = NO;
				DEBUG_INFORMATION_FORMAT = dwarf;
				ENABLE_STRICT_OBJC_MSGSEND = YES;
				ENABLE_TESTABILITY = YES;
				ENABLE_USER_SCRIPT_SANDBOXING = YES;
				GCC_C_LANGUAGE_STANDARD = gnu17;
				GCC_DYNAMIC_NO_PIC = NO;
				GCC_NO_COMMON_BLOCKS = YES;
				GCC_OPTIMIZATION_LEVEL = 0;
				GCC_PREPROCESSOR_DEFINITIONS = (
					"DEBUG=1",
					"$(inherited)",
				);
				GCC_WARN_64_TO_32_BIT_CONVERSION = YES;
				GCC_WARN_ABOUT_RETURN_TYPE = YES_ERROR;
				GCC_WARN_UNDECLARED_SELECTOR = YES;
				GCC_WARN_UNINITIALIZED_AUTOS = YES_AGGRESSIVE;
				GCC_WARN_UNUSED_FUNCTION = YES;
				GCC_WARN_UNUSED_VARIABLE = YES;
				IPHONEOS_DEPLOYMENT_TARGET = 17.0;
				LOCALIZATION_PREFERS_STRING_CATALOGS = YES;
				MTL_ENABLE_DEBUG_INFO = INCLUDE_SOURCE;
				MTL_FAST_MATH = YES;
				ONLY_ACTIVE_ARCH = YES;
				SDKROOT = iphoneos;
				SWIFT_ACTIVE_COMPILATION_CONDITIONS = "DEBUG $(inherited)";
				SWIFT_OPTIMIZATION_LEVEL = "-Onone";
			};
			name = Debug;
		};
		BB8F7BF32AC0E5CE007F7CE5 /* Release */ = {
			isa = XCBuildConfiguration;
			buildSettings = {
				ALWAYS_SEARCH_USER_PATHS = NO;
				ASSETCATALOG_COMPILER_GENERATE_SWIFT_ASSET_SYMBOL_EXTENSIONS = YES;
				CLANG_ANALYZER_NONNULL = YES;
				CLANG_ANALYZER_NUMBER_OBJECT_CONVERSION = YES_AGGRESSIVE;
				CLANG_CXX_LANGUAGE_STANDARD = "gnu++20";
				CLANG_ENABLE_MODULES = YES;
				CLANG_ENABLE_OBJC_ARC = YES;
				CLANG_ENABLE_OBJC_WEAK = YES;
				CLANG_WARN_BLOCK_CAPTURE_AUTORELEASING = YES;
				CLANG_WARN_BOOL_CONVERSION = YES;
				CLANG_WARN_COMMA = YES;
				CLANG_WARN_CONSTANT_CONVERSION = YES;
				CLANG_WARN_DEPRECATED_OBJC_IMPLEMENTATIONS = YES;
				CLANG_WARN_DIRECT_OBJC_ISA_USAGE = YES_ERROR;
				CLANG_WARN_DOCUMENTATION_COMMENTS = YES;
				CLANG_WARN_EMPTY_BODY = YES;
				CLANG_WARN_ENUM_CONVERSION = YES;
				CLANG_WARN_INFINITE_RECURSION = YES;
				CLANG_WARN_INT_CONVERSION = YES;
				CLANG_WARN_NON_LITERAL_NULL_CONVERSION = YES;
				CLANG_WARN_OBJC_IMPLICIT_RETAIN_SELF = YES;
				CLANG_WARN_OBJC_LITERAL_CONVERSION = YES;
				CLANG_WARN_OBJC_ROOT_CLASS = YES_ERROR;
				CLANG_WARN_QUOTED_INCLUDE_IN_FRAMEWORK_HEADER = YES;
				CLANG_WARN_RANGE_LOOP_ANALYSIS = YES;
				CLANG_WARN_STRICT_PROTOTYPES = YES;
				CLANG_WARN_SUSPICIOUS_MOVE = YES;
				CLANG_WARN_UNGUARDED_AVAILABILITY = YES_AGGRESSIVE;
				CLANG_WARN_UNREACHABLE_CODE = YES;
				CLANG_WARN__DUPLICATE_METHOD_MATCH = YES;
				COPY_PHASE_STRIP = NO;
				DEBUG_INFORMATION_FORMAT = "dwarf-with-dsym";
				ENABLE_NS_ASSERTIONS = NO;
				ENABLE_STRICT_OBJC_MSGSEND = YES;
				ENABLE_USER_SCRIPT_SANDBOXING = YES;
				GCC_C_LANGUAGE_STANDARD = gnu17;
				GCC_NO_COMMON_BLOCKS = YES;
				GCC_WARN_64_TO_32_BIT_CONVERSION = YES;
				GCC_WARN_ABOUT_RETURN_TYPE = YES_ERROR;
				GCC_WARN_UNDECLARED_SELECTOR = YES;
				GCC_WARN_UNINITIALIZED_AUTOS = YES_AGGRESSIVE;
				GCC_WARN_UNUSED_FUNCTION = YES;
				GCC_WARN_UNUSED_VARIABLE = YES;
				IPHONEOS_DEPLOYMENT_TARGET = 17.0;
				LOCALIZATION_PREFERS_STRING_CATALOGS = YES;
				MTL_ENABLE_DEBUG_INFO = NO;
				MTL_FAST_MATH = YES;
				SDKROOT = iphoneos;
				SWIFT_COMPILATION_MODE = wholemodule;
				VALIDATE_PRODUCT = YES;
			};
			name = Release;
		};
		BB8F7BF52AC0E5CE007F7CE5 /* Debug */ = {
			isa = XCBuildConfiguration;
			buildSettings = {
				ASSETCATALOG_COMPILER_APPICON_NAME = AppIcon;
				ASSETCATALOG_COMPILER_GLOBAL_ACCENT_COLOR_NAME = AccentColor;
				CODE_SIGN_STYLE = Automatic;
				CURRENT_PROJECT_VERSION = 1;
				DEVELOPMENT_TEAM = 27JCDAS664;
				GENERATE_INFOPLIST_FILE = YES;
				INFOPLIST_FILE = MyFavLocation/Info.plist;
				INFOPLIST_KEY_UIApplicationSupportsIndirectInputEvents = YES;
				INFOPLIST_KEY_UILaunchStoryboardName = LaunchScreen;
				INFOPLIST_KEY_UIMainStoryboardFile = Main;
				INFOPLIST_KEY_UISupportedInterfaceOrientations_iPad = "UIInterfaceOrientationPortrait UIInterfaceOrientationPortraitUpsideDown UIInterfaceOrientationLandscapeLeft UIInterfaceOrientationLandscapeRight";
				INFOPLIST_KEY_UISupportedInterfaceOrientations_iPhone = "UIInterfaceOrientationPortrait UIInterfaceOrientationLandscapeLeft UIInterfaceOrientationLandscapeRight";
				IPHONEOS_DEPLOYMENT_TARGET = 15.6;
				LD_RUNPATH_SEARCH_PATHS = (
					"$(inherited)",
					"@executable_path/Frameworks",
				);
				MARKETING_VERSION = 1.0;
				PRODUCT_BUNDLE_IDENTIFIER = com.AtakanBasaran.MyFavLocation;
				PRODUCT_NAME = "$(TARGET_NAME)";
				SWIFT_EMIT_LOC_STRINGS = YES;
				SWIFT_VERSION = 5.0;
				TARGETED_DEVICE_FAMILY = "1,2";
			};
			name = Debug;
		};
		BB8F7BF62AC0E5CE007F7CE5 /* Release */ = {
			isa = XCBuildConfiguration;
			buildSettings = {
				ASSETCATALOG_COMPILER_APPICON_NAME = AppIcon;
				ASSETCATALOG_COMPILER_GLOBAL_ACCENT_COLOR_NAME = AccentColor;
				CODE_SIGN_STYLE = Automatic;
				CURRENT_PROJECT_VERSION = 1;
				DEVELOPMENT_TEAM = 27JCDAS664;
				GENERATE_INFOPLIST_FILE = YES;
				INFOPLIST_FILE = MyFavLocation/Info.plist;
				INFOPLIST_KEY_UIApplicationSupportsIndirectInputEvents = YES;
				INFOPLIST_KEY_UILaunchStoryboardName = LaunchScreen;
				INFOPLIST_KEY_UIMainStoryboardFile = Main;
				INFOPLIST_KEY_UISupportedInterfaceOrientations_iPad = "UIInterfaceOrientationPortrait UIInterfaceOrientationPortraitUpsideDown UIInterfaceOrientationLandscapeLeft UIInterfaceOrientationLandscapeRight";
				INFOPLIST_KEY_UISupportedInterfaceOrientations_iPhone = "UIInterfaceOrientationPortrait UIInterfaceOrientationLandscapeLeft UIInterfaceOrientationLandscapeRight";
				IPHONEOS_DEPLOYMENT_TARGET = 15.6;
				LD_RUNPATH_SEARCH_PATHS = (
					"$(inherited)",
					"@executable_path/Frameworks",
				);
				MARKETING_VERSION = 1.0;
				PRODUCT_BUNDLE_IDENTIFIER = com.AtakanBasaran.MyFavLocation;
				PRODUCT_NAME = "$(TARGET_NAME)";
				SWIFT_EMIT_LOC_STRINGS = YES;
				SWIFT_VERSION = 5.0;
				TARGETED_DEVICE_FAMILY = "1,2";
			};
			name = Release;
		};
/* End XCBuildConfiguration section */

/* Begin XCConfigurationList section */
		BB8F7BDB2AC0E5CD007F7CE5 /* Build configuration list for PBXProject "MyFavLocation" */ = {
			isa = XCConfigurationList;
			buildConfigurations = (
				BB8F7BF22AC0E5CE007F7CE5 /* Debug */,
				BB8F7BF32AC0E5CE007F7CE5 /* Release */,
			);
			defaultConfigurationIsVisible = 0;
			defaultConfigurationName = Release;
		};
		BB8F7BF42AC0E5CE007F7CE5 /* Build configuration list for PBXNativeTarget "MyFavLocation" */ = {
			isa = XCConfigurationList;
			buildConfigurations = (
				BB8F7BF52AC0E5CE007F7CE5 /* Debug */,
				BB8F7BF62AC0E5CE007F7CE5 /* Release */,
			);
			defaultConfigurationIsVisible = 0;
			defaultConfigurationName = Release;
		};
/* End XCConfigurationList section */

/* Begin XCRemoteSwiftPackageReference section */
		BB8F7BF72AC0E655007F7CE5 /* XCRemoteSwiftPackageReference "Parse-SDK-iOS-OSX" */ = {
			isa = XCRemoteSwiftPackageReference;
			repositoryURL = "https://github.com/parse-community/Parse-SDK-iOS-OSX";
			requirement = {
				kind = upToNextMajorVersion;
				minimumVersion = 2.7.0;
			};
		};
/* End XCRemoteSwiftPackageReference section */

/* Begin XCSwiftPackageProductDependency section */
		BB8F7BF82AC0E655007F7CE5 /* ParseObjC */ = {
			isa = XCSwiftPackageProductDependency;
			package = BB8F7BF72AC0E655007F7CE5 /* XCRemoteSwiftPackageReference "Parse-SDK-iOS-OSX" */;
			productName = ParseObjC;
		};
/* End XCSwiftPackageProductDependency section */
	};
	rootObject = BB8F7BD82AC0E5CC007F7CE5 /* Project object */;
}
